
Microsoft Visual Studio Solution File, Format Version 12.00
# Visual Studio 2013
VisualStudioVersion = 12.0.31101.0
MinimumVisualStudioVersion = 10.0.40219.1
Project("{FAE04EC0-301F-11D3-BF4B-00C04F79EFBC}") = "Gotham", "Gotham\Gotham.csproj", "{EBE46150-6D54-4DD6-8E07-FE7562C3B912}"
EndProject
Project("{FAE04EC0-301F-11D3-BF4B-00C04F79EFBC}") = "Gotham-Model", "Gotham-Model\Gotham-Model.csproj", "{1BD832E1-2915-4AB8-B925-3D0E840174A2}"
EndProject
Project("{FAE04EC0-301F-11D3-BF4B-00C04F79EFBC}") = "Gotham-Tools", "Gotham-Tools\Gotham-Tools.csproj", "{64C9C2E8-09AF-451C-94E7-7D2B22160508}"
EndProject
Project("{FAE04EC0-301F-11D3-BF4B-00C04F79EFBC}") = "Gotham-Tests", "GOTHAM-TESTS\Gotham-Tests.csproj", "{30EE06A6-3A8D-47BB-A108-CF0602F9E31B}"
EndProject
Global
	GlobalSection(SolutionConfigurationPlatforms) = preSolution
		Debug|Any CPU = Debug|Any CPU
		Release|Any CPU = Release|Any CPU
	EndGlobalSection
	GlobalSection(ProjectConfigurationPlatforms) = postSolution
		{EBE46150-6D54-4DD6-8E07-FE7562C3B912}.Debug|Any CPU.ActiveCfg = Debug|Any CPU
		{EBE46150-6D54-4DD6-8E07-FE7562C3B912}.Debug|Any CPU.Build.0 = Debug|Any CPU
		{EBE46150-6D54-4DD6-8E07-FE7562C3B912}.Release|Any CPU.ActiveCfg = Release|Any CPU
		{EBE46150-6D54-4DD6-8E07-FE7562C3B912}.Release|Any CPU.Build.0 = Release|Any CPU
		{1BD832E1-2915-4AB8-B925-3D0E840174A2}.Debug|Any CPU.ActiveCfg = Debug|Any CPU
		{1BD832E1-2915-4AB8-B925-3D0E840174A2}.Debug|Any CPU.Build.0 = Debug|Any CPU
		{1BD832E1-2915-4AB8-B925-3D0E840174A2}.Release|Any CPU.ActiveCfg = Release|Any CPU
		{1BD832E1-2915-4AB8-B925-3D0E840174A2}.Release|Any CPU.Build.0 = Release|Any CPU
		{64C9C2E8-09AF-451C-94E7-7D2B22160508}.Debug|Any CPU.ActiveCfg = Debug|Any CPU
		{64C9C2E8-09AF-451C-94E7-7D2B22160508}.Debug|Any CPU.Build.0 = Debug|Any CPU
		{64C9C2E8-09AF-451C-94E7-7D2B22160508}.Release|Any CPU.ActiveCfg = Release|Any CPU
		{64C9C2E8-09AF-451C-94E7-7D2B22160508}.Release|Any CPU.Build.0 = Release|Any CPU
		{30EE06A6-3A8D-47BB-A108-CF0602F9E31B}.Debug|Any CPU.ActiveCfg = Debug|Any CPU
		{30EE06A6-3A8D-47BB-A108-CF0602F9E31B}.Debug|Any CPU.Build.0 = Debug|Any CPU
		{30EE06A6-3A8D-47BB-A108-CF0602F9E31B}.Release|Any CPU.ActiveCfg = Release|Any CPU
		{30EE06A6-3A8D-47BB-A108-CF0602F9E31B}.Release|Any CPU.Build.0 = Release|Any CPU
	EndGlobalSection
	GlobalSection(SolutionProperties) = preSolution
		HideSolutionNode = FALSE
	EndGlobalSection
EndGlobal
